
Microsoft Visual Studio Solution File, Format Version 12.00
# Visual Studio Version 16
VisualStudioVersion = 16.0.30804.86
MinimumVisualStudioVersion = 10.0.40219.1
Project("{FAE04EC0-301F-11D3-BF4B-00C04F79EFBC}") = "LaserControl", "LaserControl.csproj", "{242E87E3-4B94-4A7A-8C31-50AABCA57313}"
EndProject
Global
	GlobalSection(SolutionConfigurationPlatforms) = preSolution
		Debug|Any CPU = Debug|Any CPU
		Debug|TwinCAT CE7 (ARMV7) = Debug|TwinCAT CE7 (ARMV7)
		Debug|TwinCAT OS (ARMT2) = Debug|TwinCAT OS (ARMT2)
		Debug|TwinCAT RT (x64) = Debug|TwinCAT RT (x64)
		Debug|TwinCAT RT (x86) = Debug|TwinCAT RT (x86)
		Release|Any CPU = Release|Any CPU
		Release|TwinCAT CE7 (ARMV7) = Release|TwinCAT CE7 (ARMV7)
		Release|TwinCAT OS (ARMT2) = Release|TwinCAT OS (ARMT2)
		Release|TwinCAT RT (x64) = Release|TwinCAT RT (x64)
		Release|TwinCAT RT (x86) = Release|TwinCAT RT (x86)
	EndGlobalSection
	GlobalSection(ProjectConfigurationPlatforms) = postSolution
		{242E87E3-4B94-4A7A-8C31-50AABCA57313}.Debug|Any CPU.ActiveCfg = Debug|Any CPU
		{242E87E3-4B94-4A7A-8C31-50AABCA57313}.Debug|Any CPU.Build.0 = Debug|Any CPU
		{242E87E3-4B94-4A7A-8C31-50AABCA57313}.Debug|TwinCAT CE7 (ARMV7).ActiveCfg = Debug|Any CPU
		{242E87E3-4B94-4A7A-8C31-50AABCA57313}.Debug|TwinCAT CE7 (ARMV7).Build.0 = Debug|Any CPU
		{242E87E3-4B94-4A7A-8C31-50AABCA57313}.Debug|TwinCAT OS (ARMT2).ActiveCfg = Debug|Any CPU
		{242E87E3-4B94-4A7A-8C31-50AABCA57313}.Debug|TwinCAT OS (ARMT2).Build.0 = Debug|Any CPU
		{242E87E3-4B94-4A7A-8C31-50AABCA57313}.Debug|TwinCAT RT (x64).ActiveCfg = Debug|Any CPU
		{242E87E3-4B94-4A7A-8C31-50AABCA57313}.Debug|TwinCAT RT (x64).Build.0 = Debug|Any CPU
		{242E87E3-4B94-4A7A-8C31-50AABCA57313}.Debug|TwinCAT RT (x86).ActiveCfg = Debug|Any CPU
		{242E87E3-4B94-4A7A-8C31-50AABCA57313}.Debug|TwinCAT RT (x86).Build.0 = Debug|Any CPU
		{242E87E3-4B94-4A7A-8C31-50AABCA57313}.Release|Any CPU.ActiveCfg = Release|Any CPU
		{242E87E3-4B94-4A7A-8C31-50AABCA57313}.Release|Any CPU.Build.0 = Release|Any CPU
		{242E87E3-4B94-4A7A-8C31-50AABCA57313}.Release|TwinCAT CE7 (ARMV7).ActiveCfg = Release|Any CPU
		{242E87E3-4B94-4A7A-8C31-50AABCA57313}.Release|TwinCAT CE7 (ARMV7).Build.0 = Release|Any CPU
		{242E87E3-4B94-4A7A-8C31-50AABCA57313}.Release|TwinCAT OS (ARMT2).ActiveCfg = Release|Any CPU
		{242E87E3-4B94-4A7A-8C31-50AABCA57313}.Release|TwinCAT OS (ARMT2).Build.0 = Release|Any CPU
		{242E87E3-4B94-4A7A-8C31-50AABCA57313}.Release|TwinCAT RT (x64).ActiveCfg = Release|Any CPU
		{242E87E3-4B94-4A7A-8C31-50AABCA57313}.Release|TwinCAT RT (x64).Build.0 = Release|Any CPU
		{242E87E3-4B94-4A7A-8C31-50AABCA57313}.Release|TwinCAT RT (x86).ActiveCfg = Release|Any CPU
		{242E87E3-4B94-4A7A-8C31-50AABCA57313}.Release|TwinCAT RT (x86).Build.0 = Release|Any CPU
	EndGlobalSection
	GlobalSection(SolutionProperties) = preSolution
		HideSolutionNode = FALSE
	EndGlobalSection
	GlobalSection(ExtensibilityGlobals) = postSolution
		SolutionGuid = {F5CCB317-5842-4AC0-BB19-6EB817B31054}
	EndGlobalSection
EndGlobal
